{
    "_meta": {
        "hash": {
            "sha256": "6133f3b85bdccbbd792717cf54f6d3c067f7925282917a1fd232fa059853d6f7"
        },
        "pipfile-spec": 6,
        "requires": {
            "python_version": "3.9"
        },
        "sources": [
            {
                "name": "pypi",
                "url": "https://pypi.org/simple",
                "verify_ssl": true
            }
        ]
    },
    "default": {
        "attrs": {
            "hashes": [
                "sha256:31b2eced602aa8423c2aea9c76a724617ed67cf9513173fd3a4f03e3a929c7e6",
                "sha256:832aa3cde19744e49938b91fea06d69ecb9e649c93ba974535d08ad92164f700"
            ],
            "markers": "python_version >= '2.7' and python_version not in '3.0, 3.1, 3.2, 3.3'",
            "version": "==20.3.0"
        },
        "autopep8": {
            "hashes": [
                "sha256:5454e6e9a3d02aae38f866eec0d9a7de4ab9f93c10a273fb0340f3d6d09f7514",
                "sha256:f01b06a6808bc31698db907761e5890eb2295e287af53f6693b39ce55454034a"
            ],
            "index": "pypi",
            "version": "==1.5.6"
        },
        "click": {
            "hashes": [
                "sha256:d2b5255c7c6349bc1bd1e59e08cd12acbbd63ce649f2588755783aa94dfb6b1a",
                "sha256:dacca89f4bfadd5de3d7489b7c8a566eee0d3676333fbb50030263894c38c0dc"
            ],
            "markers": "python_version >= '2.7' and python_version not in '3.0, 3.1, 3.2, 3.3, 3.4'",
            "version": "==7.1.2"
        },
        "dependency-injector": {
            "hashes": [
                "sha256:016c114d1cd32bdc064072a77b40f1eeeec0e9a6318900c9e24b6f47e2a19bd2",
                "sha256:036b53f2a5269228eabb9d4ae37ba45dc7039c59305c76fb80c2b33a81fdd218",
                "sha256:0545ded2f6fc755da4e41c352446dc3a91c4a0a8cfe5ed04a02e559f41f1f1d9",
                "sha256:3485f94328712a40d1fd32a816310ed515d3d1551aeb7e416968140485e4de46",
                "sha256:34eaf8ee417d627ba8561d47e486196c522191eafeab5ee87787a0235df920b9",
                "sha256:365581b95249a691d1f7afef6bb5955464b3c073925038460ead4103aac27f1c",
                "sha256:3bbd1d1b71ac30b85c54bd6651bc521e58f6593581fb5d5d2f1898e2edd37440",
                "sha256:3d8273ac9236a336740d2a2bdb1188e99f946824047c2730bf85e152212a99e6",
                "sha256:3dcaf450dda1fc2ea0b28446ed9e508862417ed6e8f156301d2c0b870178e408",
                "sha256:42aef049246766c62a44308dd9690f90521f336587c3758027ed3156f121c41e",
                "sha256:43481c0b35d0fa587589c41cf2a8827d574a709a76c32d1b486684a788ec9275",
                "sha256:43a12cd796ce27a7aaf28d8864824fd8f94d5b3c8d0addc1fd63a00a06d0bcc1",
                "sha256:4695e3962d61fed1803b7f9ec99865c3e2dc846ec0b0ef42b70e5c94338656ca",
                "sha256:517c520cb97f71b297ac8de2dc96c6efed774b33244c132c84cf976765b6d04f",
                "sha256:566d6eef39c5ae5f0bbd446931b546629d414ef40380f597ac9f6b1c0dbf663c",
                "sha256:585b55f3e7f4a38415ee3f0edfedab9af589054fa3dabe255f31cd6a03ed0ab1",
                "sha256:59ca243dbf9999d8139fc61d2fa094bca6441a10b4875c5a1cae3ec965753d59",
                "sha256:5a104618385c3efe80588592fb024f94a3233836915714396639fac77c2e57bf",
                "sha256:5db2aa3e8db6311f4ca2ec5010dacb19596f2ced1c2bf109d5d72c76a214f5b8",
                "sha256:5db6a364ea70b4f770306c98443f62e43d6729c371f520a9c9864835e2bdc6f7",
                "sha256:5fbc25b2add5f771a6c4a0547a774a39c86734a7ca47f01337408e0688cedc79",
                "sha256:671a3734f4cde9f07ff3b32fa95a6dcc825651ea6ce273c519d09184a6a38091",
                "sha256:67f85c467320ae14a4acc3b9b3e74a3e5a0254500619c9c14f47f051e9190ab4",
                "sha256:6bf65687dae3350c0fbe241349ffe94dd5e7ead0937c7571aa4c1a2cfdd65657",
                "sha256:6ed30e084d90dd95f241a1e27ef864057b7577ee67ea822bd963d8dece741f0b",
                "sha256:70122713cc5c38f9a26d140f9e0878370215803ea9fd9e464accabd07e6564b9",
                "sha256:743b3d7ac2ccb5a575ffb1d72c23c337c337f9f91b32b69403484e769bcb12a8",
                "sha256:7736708f2afe5df252749d99dcd1005b7fdfd468a44d1d95a707a20e0a41b619",
                "sha256:7857fa0926d6430657d50d831589d0a06460502fb51d123f99314b538462a3e4",
                "sha256:7ca5b5c2289b83d81745dacede55167ed637dc970395d9ef3f1324e617496e90",
                "sha256:83ccf8432163e20c447e21bf5667fcb8ec48a95e5705fac328ea6e9e3c3c24c4",
                "sha256:86ff33f9aa34c7864d20909f643280ab23833c4a433cfa592e330c9c92264bce",
                "sha256:8ae19a10eb98977965bf1b82b1d434a7247bb6064ee4551c52adee247897b10e",
                "sha256:8f0da2fee16071b8f3a9632028f6bc82e80463f023b46a504aa39b38a6fd2f7a",
                "sha256:94bf8eeab3d26d5d7ef82596d0c39f2d1d363ec800c4fbb498ebb2940a07e9bc",
                "sha256:97ad94831480d045cc5abe3bc073fe291a51fa354679a442469e15cc46132dd1",
                "sha256:99f77c3993707a8fb0a428ce07db723ba729672d81f4413b70ed37ade2ce9a68",
                "sha256:9f425d9cba6e6d8d8bc001d1c76d25f3ea8c7108afdad8a1117fc3e0a157c3fc",
                "sha256:9ff7c181f6c9e7baa47bb5ac508c25b6f16e9cb8309468c173317b0c9dda3b7a",
                "sha256:a0dd318af961a64bfa76f3a5ae6f9a640d097b97c73ce6aa62130bacc21d9cbb",
                "sha256:a328955bd73104503511462f655ea67de7d7d1e73f2a17e641276f595c18e8b0",
                "sha256:acd41380bc571ae1e07aebefb46736cffceca00a31936ab14d75bd79bd5d1467",
                "sha256:ad208e735e5fd98c10501ebc8a34aaef662bd7c6df28d99e5b41441cbf5517f3",
                "sha256:b18fd6e4b00fff1892f86c674907460b8127d7a9fb85c0bfd6d8de777dab16f3",
                "sha256:b3210666f13abfc03e90905c464705fd53a599b562a29f0c63ef7a31789eebbd",
                "sha256:b7ec1297d5a590c8d36e3669e0abd244610812274a613ec5f307caafefaa5d2a",
                "sha256:b82c180871aff5e6969780a2da9859f2d0dc32ade4af064c284bc4d5c0129b77",
                "sha256:b9d76b03b63d8de4d6fe06d0122fb2f6a8684ab0544df9cba6f921d6060f8ad7",
                "sha256:bf5287f4fc8bd5347ca5cf77679e020f95ce1fea1070535ce5bc323d565007a0",
                "sha256:c5278d39fb8d96f0186eae0b30109a525e2e89ac9b69cb7392717190a669c4d3",
                "sha256:c96d2a871c169bb2ccd0186ae75016abec65a856122b2bf042dc80da1d4fd72c",
                "sha256:d3c062b68d74890f51eb952b6da98898466bec64833ebe076c35185918938d86",
                "sha256:dc8759050904a9d5ab20f8a88f6ccd811f88641c7061483055355951a4bed02e",
                "sha256:dd1cd27ba7c4ee4e162037e55d31905eea47aa8a9f3069918f5110912c25ee6c",
                "sha256:de57bc63a9a817b454d2d85e5e628056f7f994d1f8568c170583c99edd5c6700",
                "sha256:e149ee0d5cb4ad8d01b0104033a7b47a5a794cfa10ea1703f8511b587fd068d1",
                "sha256:e1ab334bb85337895603d0616b6f2ee00c7ed7a60fbbbb6026030673a97c83d4",
                "sha256:e41965456ae640d4b73c1e2b98267322f71f49dea7906f5da558559bc139a684",
                "sha256:e5e73d62f96cf689931797d1eefc05c9ec20777954215bee320a91a50b9f9164",
                "sha256:e8a9249565c4c1c45fb5fb4e659dd4e9fe7d9adb5912575361f56c1551ddc3db",
                "sha256:ef8b61caf844a6d5d283c3bba256d856021aa17ea0003d813d3c8e7ccf37cc95",
                "sha256:f0026202c19ac59110472aa208aca0a212329b6231e76a073624edfe7257d608",
                "sha256:f6332c77af1ea4b7a8b9512d01aab2dfb961459f09ab9424a38094d47470741d",
                "sha256:f71f287653151542fa7a290141511e23848d94649ad1413961a0627f671a3a72"
            ],
            "index": "pypi",
            "version": "==4.31.2"
        },
        "flask": {
            "hashes": [
                "sha256:4efa1ae2d7c9865af48986de8aeb8504bf32c7f3d6fdc9353d34b21f4b127060",
                "sha256:8a4fdd8936eba2512e9c85df320a37e694c93945b33ef33c89946a340a238557"
            ],
            "index": "pypi",
            "version": "==1.1.2"
        },
        "iniconfig": {
            "hashes": [
                "sha256:011e24c64b7f47f6ebd835bb12a743f2fbe9a26d4cecaa7f53bc4f35ee9da8b3",
                "sha256:bc3af051d7d14b2ee5ef9969666def0cd1a000e121eaea580d4a313df4b37f32"
            ],
            "version": "==1.1.1"
        },
        "itsdangerous": {
            "hashes": [
                "sha256:321b033d07f2a4136d3ec762eac9f16a10ccd60f53c0c91af90217ace7ba1f19",
                "sha256:b12271b2047cb23eeb98c8b5622e2e5c5e9abd9784a153e9d8ef9cb4dd09d749"
            ],
            "markers": "python_version >= '2.7' and python_version not in '3.0, 3.1, 3.2, 3.3'",
            "version": "==1.1.0"
        },
        "jinja2": {
            "hashes": [
                "sha256:03e47ad063331dd6a3f04a43eddca8a966a26ba0c5b7207a9a9e4e08f1b29419",
                "sha256:a6d58433de0ae800347cab1fa3043cebbabe8baa9d29e668f1c768cb87a333c6"
            ],
            "markers": "python_version >= '2.7' and python_version not in '3.0, 3.1, 3.2, 3.3, 3.4'",
            "version": "==2.11.3"
        },
        "markupsafe": {
            "hashes": [
                "sha256:00bc623926325b26bb9605ae9eae8a215691f33cae5df11ca5424f06f2d1f473",
                "sha256:09027a7803a62ca78792ad89403b1b7a73a01c8cb65909cd876f7fcebd79b161",
                "sha256:09c4b7f37d6c648cb13f9230d847adf22f8171b1ccc4d5682398e77f40309235",
                "sha256:1027c282dad077d0bae18be6794e6b6b8c91d58ed8a8d89a89d59693b9131db5",
                "sha256:13d3144e1e340870b25e7b10b98d779608c02016d5184cfb9927a9f10c689f42",
                "sha256:195d7d2c4fbb0ee8139a6cf67194f3973a6b3042d742ebe0a9ed36d8b6f0c07f",
                "sha256:22c178a091fc6630d0d045bdb5992d2dfe14e3259760e713c490da5323866c39",
                "sha256:24982cc2533820871eba85ba648cd53d8623687ff11cbb805be4ff7b4c971aff",
                "sha256:29872e92839765e546828bb7754a68c418d927cd064fd4708fab9fe9c8bb116b",
                "sha256:2beec1e0de6924ea551859edb9e7679da6e4870d32cb766240ce17e0a0ba2014",
                "sha256:3b8a6499709d29c2e2399569d96719a1b21dcd94410a586a18526b143ec8470f",
                "sha256:43a55c2930bbc139570ac2452adf3d70cdbb3cfe5912c71cdce1c2c6bbd9c5d1",
                "sha256:46c99d2de99945ec5cb54f23c8cd5689f6d7177305ebff350a58ce5f8de1669e",
                "sha256:500d4957e52ddc3351cabf489e79c91c17f6e0899158447047588650b5e69183",
                "sha256:535f6fc4d397c1563d08b88e485c3496cf5784e927af890fb3c3aac7f933ec66",
                "sha256:596510de112c685489095da617b5bcbbac7dd6384aeebeda4df6025d0256a81b",
                "sha256:62fe6c95e3ec8a7fad637b7f3d372c15ec1caa01ab47926cfdf7a75b40e0eac1",
                "sha256:6788b695d50a51edb699cb55e35487e430fa21f1ed838122d722e0ff0ac5ba15",
                "sha256:6dd73240d2af64df90aa7c4e7481e23825ea70af4b4922f8ede5b9e35f78a3b1",
                "sha256:6f1e273a344928347c1290119b493a1f0303c52f5a5eae5f16d74f48c15d4a85",
                "sha256:6fffc775d90dcc9aed1b89219549b329a9250d918fd0b8fa8d93d154918422e1",
                "sha256:717ba8fe3ae9cc0006d7c451f0bb265ee07739daf76355d06366154ee68d221e",
                "sha256:79855e1c5b8da654cf486b830bd42c06e8780cea587384cf6545b7d9ac013a0b",
                "sha256:7c1699dfe0cf8ff607dbdcc1e9b9af1755371f92a68f706051cc8c37d447c905",
                "sha256:7fed13866cf14bba33e7176717346713881f56d9d2bcebab207f7a036f41b850",
                "sha256:84dee80c15f1b560d55bcfe6d47b27d070b4681c699c572af2e3c7cc90a3b8e0",
                "sha256:88e5fcfb52ee7b911e8bb6d6aa2fd21fbecc674eadd44118a9cc3863f938e735",
                "sha256:8defac2f2ccd6805ebf65f5eeb132adcf2ab57aa11fdf4c0dd5169a004710e7d",
                "sha256:98bae9582248d6cf62321dcb52aaf5d9adf0bad3b40582925ef7c7f0ed85fceb",
                "sha256:98c7086708b163d425c67c7a91bad6e466bb99d797aa64f965e9d25c12111a5e",
                "sha256:9add70b36c5666a2ed02b43b335fe19002ee5235efd4b8a89bfcf9005bebac0d",
                "sha256:9bf40443012702a1d2070043cb6291650a0841ece432556f784f004937f0f32c",
                "sha256:a6a744282b7718a2a62d2ed9d993cad6f5f585605ad352c11de459f4108df0a1",
                "sha256:acf08ac40292838b3cbbb06cfe9b2cb9ec78fce8baca31ddb87aaac2e2dc3bc2",
                "sha256:ade5e387d2ad0d7ebf59146cc00c8044acbd863725f887353a10df825fc8ae21",
                "sha256:b00c1de48212e4cc9603895652c5c410df699856a2853135b3967591e4beebc2",
                "sha256:b1282f8c00509d99fef04d8ba936b156d419be841854fe901d8ae224c59f0be5",
                "sha256:b1dba4527182c95a0db8b6060cc98ac49b9e2f5e64320e2b56e47cb2831978c7",
                "sha256:b2051432115498d3562c084a49bba65d97cf251f5a331c64a12ee7e04dacc51b",
                "sha256:b7d644ddb4dbd407d31ffb699f1d140bc35478da613b441c582aeb7c43838dd8",
                "sha256:ba59edeaa2fc6114428f1637ffff42da1e311e29382d81b339c1817d37ec93c6",
                "sha256:bf5aa3cbcfdf57fa2ee9cd1822c862ef23037f5c832ad09cfea57fa846dec193",
                "sha256:c8716a48d94b06bb3b2524c2b77e055fb313aeb4ea620c8dd03a105574ba704f",
                "sha256:caabedc8323f1e93231b52fc32bdcde6db817623d33e100708d9a68e1f53b26b",
                "sha256:cd5df75523866410809ca100dc9681e301e3c27567cf498077e8551b6d20e42f",
                "sha256:cdb132fc825c38e1aeec2c8aa9338310d29d337bebbd7baa06889d09a60a1fa2",
                "sha256:d53bc011414228441014aa71dbec320c66468c1030aae3a6e29778a3382d96e5",
                "sha256:d73a845f227b0bfe8a7455ee623525ee656a9e2e749e4742706d80a6065d5e2c",
                "sha256:d9be0ba6c527163cbed5e0857c451fcd092ce83947944d6c14bc95441203f032",
                "sha256:e249096428b3ae81b08327a63a485ad0878de3fb939049038579ac0ef61e17e7",
                "sha256:e8313f01ba26fbbe36c7be1966a7b7424942f670f38e666995b88d012765b9be",
                "sha256:feb7b34d6325451ef96bc0e36e1a6c0c1c64bc1fbec4b854f4529e51887b1621"
            ],
            "markers": "python_version >= '2.7' and python_version not in '3.0, 3.1, 3.2, 3.3'",
            "version": "==1.1.1"
        },
        "packaging": {
            "hashes": [
                "sha256:5b327ac1320dc863dca72f4514ecc086f31186744b84a230374cc1fd776feae5",
                "sha256:67714da7f7bc052e064859c05c595155bd1ee9f69f76557e21f051443c20947a"
            ],
            "markers": "python_version >= '2.7' and python_version not in '3.0, 3.1, 3.2, 3.3'",
            "version": "==20.9"
        },
        "pluggy": {
            "hashes": [
                "sha256:15b2acde666561e1298d71b523007ed7364de07029219b604cf808bfa1c765b0",
                "sha256:966c145cd83c96502c3c3868f50408687b38434af77734af1e9ca461a4081d2d"
            ],
            "markers": "python_version >= '2.7' and python_version not in '3.0, 3.1, 3.2, 3.3'",
            "version": "==0.13.1"
        },
        "py": {
            "hashes": [
                "sha256:21b81bda15b66ef5e1a777a21c4dcd9c20ad3efd0b3f817e7a809035269e1bd3",
                "sha256:3b80836aa6d1feeaa108e046da6423ab8f6ceda6468545ae8d02d9d58d18818a"
            ],
            "markers": "python_version >= '2.7' and python_version not in '3.0, 3.1, 3.2, 3.3'",
            "version": "==1.10.0"
        },
        "pycodestyle": {
            "hashes": [
                "sha256:514f76d918fcc0b55c6680472f0a37970994e07bbb80725808c17089be302068",
                "sha256:c389c1d06bf7904078ca03399a4816f974a1d590090fecea0c63ec26ebaf1cef"
            ],
            "markers": "python_version >= '2.7' and python_version not in '3.0, 3.1, 3.2, 3.3'",
            "version": "==2.7.0"
        },
        "pyparsing": {
            "hashes": [
                "sha256:c203ec8783bf771a155b207279b9bccb8dea02d8f0c9e5f8ead507bc3246ecc1",
                "sha256:ef9d7589ef3c200abe66653d3f1ab1033c3c419ae9b9bdb1240a85b024efc88b"
            ],
            "markers": "python_version >= '2.6' and python_version not in '3.0, 3.1, 3.2, 3.3'",
            "version": "==2.4.7"
        },
        "pytest": {
            "hashes": [
                "sha256:671238a46e4df0f3498d1c3270e5deb9b32d25134c99b7d75370a68cfbe9b634",
                "sha256:6ad9c7bdf517a808242b998ac20063c41532a570d088d77eec1ee12b0b5574bc"
            ],
            "index": "pypi",
            "version": "==6.2.3"
        },
        "rope": {
            "hashes": [
                "sha256:786b5c38c530d4846aa68a42604f61b4e69a493390e3ca11b88df0fbfdc3ed04"
            ],
            "index": "pypi",
            "version": "==0.18.0"
        },
        "six": {
            "hashes": [
                "sha256:30639c035cdb23534cd4aa2dd52c3bf48f06e5f4a941509c8bafd8ce11080259",
                "sha256:8b74bedcbbbaca38ff6d7491d76f2b06b3592611af620f8426e82dddb04a5ced"
            ],
            "markers": "python_version >= '2.7' and python_version not in '3.0, 3.1, 3.2, 3.3'",
            "version": "==1.15.0"
        },
        "toml": {
            "hashes": [
                "sha256:806143ae5bfb6a3c6e736a764057db0e6a0e05e338b5630894a5f779cabb4f9b",
                "sha256:b3bda1d108d5dd99f4a20d24d9c348e91c4db7ab1b749200bded2f839ccbe68f"
            ],
            "markers": "python_version >= '2.6' and python_version not in '3.0, 3.1, 3.2, 3.3'",
            "version": "==0.10.2"
        },
        "werkzeug": {
            "hashes": [
                "sha256:2de2a5db0baeae7b2d2664949077c2ac63fbd16d98da0ff71837f7d1dea3fd43",
                "sha256:6c80b1e5ad3665290ea39320b91e1be1e0d5f60652b964a3070216de83d2e47c"
            ],
            "markers": "python_version >= '2.7' and python_version not in '3.0, 3.1, 3.2, 3.3, 3.4'",
            "version": "==1.0.1"
        }
    },
    "develop": {}
}
